
Microsoft Visual Studio Solution File, Format Version 12.00
# Visual Studio Version 17
VisualStudioVersion = 17.14.36414.22
MinimumVisualStudioVersion = 10.0.40219.1
Project("{FAE04EC0-301F-11D3-BF4B-00C04F79EFBC}") = "inventoryliby", "inventoryliby\inventoryliby.csproj", "{090B68ED-0B20-4E9B-AFBE-0F62A46D82D6}"
EndProject
Global
	GlobalSection(SolutionConfigurationPlatforms) = preSolution
		Debug|Any CPU = Debug|Any CPU
		Release|Any CPU = Release|Any CPU
	EndGlobalSection
	GlobalSection(ProjectConfigurationPlatforms) = postSolution
		{090B68ED-0B20-4E9B-AFBE-0F62A46D82D6}.Debug|Any CPU.ActiveCfg = Debug|Any CPU
		{090B68ED-0B20-4E9B-AFBE-0F62A46D82D6}.Debug|Any CPU.Build.0 = Debug|Any CPU
		{090B68ED-0B20-4E9B-AFBE-0F62A46D82D6}.Release|Any CPU.ActiveCfg = Release|Any CPU
		{090B68ED-0B20-4E9B-AFBE-0F62A46D82D6}.Release|Any CPU.Build.0 = Release|Any CPU
	EndGlobalSection
	GlobalSection(SolutionProperties) = preSolution
		HideSolutionNode = FALSE
	EndGlobalSection
	GlobalSection(ExtensibilityGlobals) = postSolution
		SolutionGuid = {62948138-5719-45C2-BEB9-6FBD7C175AA3}
	EndGlobalSection
EndGlobal
